
Microsoft Visual Studio Solution File, Format Version 12.00
# Visual Studio 14
VisualStudioVersion = 14.0.25123.0
MinimumVisualStudioVersion = 10.0.40219.1
Project("{FAE04EC0-301F-11D3-BF4B-00C04F79EFBC}") = "006八硬币", "006八硬币\006八硬币.csproj", "{C42BECF1-4994-45E0-A11F-2A5C407C02BD}"
EndProject
Global
	GlobalSection(SolutionConfigurationPlatforms) = preSolution
		Debug|Any CPU = Debug|Any CPU
		Release|Any CPU = Release|Any CPU
	EndGlobalSection
	GlobalSection(ProjectConfigurationPlatforms) = postSolution
		{C42BECF1-4994-45E0-A11F-2A5C407C02BD}.Debug|Any CPU.ActiveCfg = Debug|Any CPU
		{C42BECF1-4994-45E0-A11F-2A5C407C02BD}.Debug|Any CPU.Build.0 = Debug|Any CPU
		{C42BECF1-4994-45E0-A11F-2A5C407C02BD}.Release|Any CPU.ActiveCfg = Release|Any CPU
		{C42BECF1-4994-45E0-A11F-2A5C407C02BD}.Release|Any CPU.Build.0 = Release|Any CPU
	EndGlobalSection
	GlobalSection(SolutionProperties) = preSolution
		HideSolutionNode = FALSE
	EndGlobalSection
EndGlobal
