
Microsoft Visual Studio Solution File, Format Version 12.00
# Visual Studio 14
VisualStudioVersion = 14.0.25123.0
MinimumVisualStudioVersion = 10.0.40219.1
Project("{FAE04EC0-301F-11D3-BF4B-00C04F79EFBC}") = "003杨辉三角", "003杨辉三角\003杨辉三角.csproj", "{09D09BCA-817C-4DA3-9B5E-F181F07C9FCE}"
EndProject
Global
	GlobalSection(SolutionConfigurationPlatforms) = preSolution
		Debug|Any CPU = Debug|Any CPU
		Release|Any CPU = Release|Any CPU
	EndGlobalSection
	GlobalSection(ProjectConfigurationPlatforms) = postSolution
		{09D09BCA-817C-4DA3-9B5E-F181F07C9FCE}.Debug|Any CPU.ActiveCfg = Debug|Any CPU
		{09D09BCA-817C-4DA3-9B5E-F181F07C9FCE}.Debug|Any CPU.Build.0 = Debug|Any CPU
		{09D09BCA-817C-4DA3-9B5E-F181F07C9FCE}.Release|Any CPU.ActiveCfg = Release|Any CPU
		{09D09BCA-817C-4DA3-9B5E-F181F07C9FCE}.Release|Any CPU.Build.0 = Release|Any CPU
	EndGlobalSection
	GlobalSection(SolutionProperties) = preSolution
		HideSolutionNode = FALSE
	EndGlobalSection
EndGlobal
