
Microsoft Visual Studio Solution File, Format Version 12.00
# Visual Studio 15
VisualStudioVersion = 15.0.26730.3
MinimumVisualStudioVersion = 10.0.40219.1
Project("{FAE04EC0-301F-11D3-BF4B-00C04F79EFBC}") = "数组、ArrayList、List", "数组、ArrayList、List\数组、ArrayList、List.csproj", "{59C43618-EC4E-468A-8B69-C5807B632178}"
EndProject
Project("{FAE04EC0-301F-11D3-BF4B-00C04F79EFBC}") = "字典Dictionary", "字典Dictionary\字典Dictionary.csproj", "{748285D9-AC7A-4F6B-8C9B-44E52EFD35AA}"
EndProject
Global
	GlobalSection(SolutionConfigurationPlatforms) = preSolution
		Debug|Any CPU = Debug|Any CPU
		Release|Any CPU = Release|Any CPU
	EndGlobalSection
	GlobalSection(ProjectConfigurationPlatforms) = postSolution
		{59C43618-EC4E-468A-8B69-C5807B632178}.Debug|Any CPU.ActiveCfg = Debug|Any CPU
		{59C43618-EC4E-468A-8B69-C5807B632178}.Debug|Any CPU.Build.0 = Debug|Any CPU
		{59C43618-EC4E-468A-8B69-C5807B632178}.Release|Any CPU.ActiveCfg = Release|Any CPU
		{59C43618-EC4E-468A-8B69-C5807B632178}.Release|Any CPU.Build.0 = Release|Any CPU
		{748285D9-AC7A-4F6B-8C9B-44E52EFD35AA}.Debug|Any CPU.ActiveCfg = Debug|Any CPU
		{748285D9-AC7A-4F6B-8C9B-44E52EFD35AA}.Debug|Any CPU.Build.0 = Debug|Any CPU
		{748285D9-AC7A-4F6B-8C9B-44E52EFD35AA}.Release|Any CPU.ActiveCfg = Release|Any CPU
		{748285D9-AC7A-4F6B-8C9B-44E52EFD35AA}.Release|Any CPU.Build.0 = Release|Any CPU
	EndGlobalSection
	GlobalSection(SolutionProperties) = preSolution
		HideSolutionNode = FALSE
	EndGlobalSection
	GlobalSection(ExtensibilityGlobals) = postSolution
		SolutionGuid = {86E6DFAC-0840-4CB5-A643-9E498950ABD7}
	EndGlobalSection
EndGlobal
