
Microsoft Visual Studio Solution File, Format Version 12.00
# Visual Studio 14
VisualStudioVersion = 14.0.25123.0
MinimumVisualStudioVersion = 10.0.40219.1
Project("{FAE04EC0-301F-11D3-BF4B-00C04F79EFBC}") = "14.17 案例小结", "14.17 案例小结\14.17 案例小结.csproj", "{54251934-B4C5-4DC4-86DF-695294184396}"
EndProject
Global
	GlobalSection(SolutionConfigurationPlatforms) = preSolution
		Debug|Any CPU = Debug|Any CPU
		Release|Any CPU = Release|Any CPU
	EndGlobalSection
	GlobalSection(ProjectConfigurationPlatforms) = postSolution
		{54251934-B4C5-4DC4-86DF-695294184396}.Debug|Any CPU.ActiveCfg = Debug|Any CPU
		{54251934-B4C5-4DC4-86DF-695294184396}.Debug|Any CPU.Build.0 = Debug|Any CPU
		{54251934-B4C5-4DC4-86DF-695294184396}.Release|Any CPU.ActiveCfg = Release|Any CPU
		{54251934-B4C5-4DC4-86DF-695294184396}.Release|Any CPU.Build.0 = Release|Any CPU
	EndGlobalSection
	GlobalSection(SolutionProperties) = preSolution
		HideSolutionNode = FALSE
	EndGlobalSection
EndGlobal
