
Microsoft Visual Studio Solution File, Format Version 12.00
# Visual Studio 14
VisualStudioVersion = 14.0.25123.0
MinimumVisualStudioVersion = 10.0.40219.1
Project("{FAE04EC0-301F-11D3-BF4B-00C04F79EFBC}") = "005老鼠走迷宫", "005老鼠走迷宫\005老鼠走迷宫.csproj", "{167F836E-096E-4F72-8E45-F1BD5EE7B767}"
EndProject
Global
	GlobalSection(SolutionConfigurationPlatforms) = preSolution
		Debug|Any CPU = Debug|Any CPU
		Release|Any CPU = Release|Any CPU
	EndGlobalSection
	GlobalSection(ProjectConfigurationPlatforms) = postSolution
		{167F836E-096E-4F72-8E45-F1BD5EE7B767}.Debug|Any CPU.ActiveCfg = Debug|Any CPU
		{167F836E-096E-4F72-8E45-F1BD5EE7B767}.Debug|Any CPU.Build.0 = Debug|Any CPU
		{167F836E-096E-4F72-8E45-F1BD5EE7B767}.Release|Any CPU.ActiveCfg = Release|Any CPU
		{167F836E-096E-4F72-8E45-F1BD5EE7B767}.Release|Any CPU.Build.0 = Release|Any CPU
	EndGlobalSection
	GlobalSection(SolutionProperties) = preSolution
		HideSolutionNode = FALSE
	EndGlobalSection
EndGlobal
